
Microsoft Visual Studio Solution File, Format Version 12.00
# Visual Studio 15
VisualStudioVersion = 15.0.26730.8
MinimumVisualStudioVersion = 10.0.40219.1
Project("{FAE04EC0-301F-11D3-BF4B-00C04F79EFBC}") = "HelloWorld", "HelloWorld\HelloWorld.csproj", "{EA0FF2F3-B9D4-40CC-A918-5FBE6F7832C4}"
EndProject
Global
	GlobalSection(SolutionConfigurationPlatforms) = preSolution
		Debug|Any CPU = Debug|Any CPU
		Release|Any CPU = Release|Any CPU
	EndGlobalSection
	GlobalSection(ProjectConfigurationPlatforms) = postSolution
		{EA0FF2F3-B9D4-40CC-A918-5FBE6F7832C4}.Debug|Any CPU.ActiveCfg = Debug|Any CPU
		{EA0FF2F3-B9D4-40CC-A918-5FBE6F7832C4}.Debug|Any CPU.Build.0 = Debug|Any CPU
		{EA0FF2F3-B9D4-40CC-A918-5FBE6F7832C4}.Release|Any CPU.ActiveCfg = Release|Any CPU
		{EA0FF2F3-B9D4-40CC-A918-5FBE6F7832C4}.Release|Any CPU.Build.0 = Release|Any CPU
	EndGlobalSection
	GlobalSection(SolutionProperties) = preSolution
		HideSolutionNode = FALSE
	EndGlobalSection
	GlobalSection(ExtensibilityGlobals) = postSolution
		SolutionGuid = {8527D3FC-9AB8-40E7-B975-8812FF062676}
	EndGlobalSection
EndGlobal
